
Microsoft Visual Studio Solution File, Format Version 12.00
# Visual Studio Version 17
VisualStudioVersion = 17.11.35222.181
MinimumVisualStudioVersion = 10.0.40219.1
Project("{FAE04EC0-301F-11D3-BF4B-00C04F79EFBC}") = "Cwiczenia1", "Cwiczenia1\Cwiczenia1.csproj", "{94D27130-862A-489C-8372-F214D1159453}"
EndProject
Global
	GlobalSection(SolutionConfigurationPlatforms) = preSolution
		Debug|Any CPU = Debug|Any CPU
		Release|Any CPU = Release|Any CPU
	EndGlobalSection
	GlobalSection(ProjectConfigurationPlatforms) = postSolution
		{94D27130-862A-489C-8372-F214D1159453}.Debug|Any CPU.ActiveCfg = Debug|Any CPU
		{94D27130-862A-489C-8372-F214D1159453}.Debug|Any CPU.Build.0 = Debug|Any CPU
		{94D27130-862A-489C-8372-F214D1159453}.Release|Any CPU.ActiveCfg = Release|Any CPU
		{94D27130-862A-489C-8372-F214D1159453}.Release|Any CPU.Build.0 = Release|Any CPU
	EndGlobalSection
	GlobalSection(SolutionProperties) = preSolution
		HideSolutionNode = FALSE
	EndGlobalSection
	GlobalSection(ExtensibilityGlobals) = postSolution
		SolutionGuid = {9924D920-F30B-41DC-AC0C-0256753B6849}
	EndGlobalSection
EndGlobal
